// !$*UTF8*$!
{
	archiveVersion = 1;
	classes = {
	};
	objectVersion = 46;
	objects = {

/* Begin PBXBuildFile section */
		196EC3F71C5D7E5C005BA0DE /* AppDelegate.swift in Sources */ = {isa = PBXBuildFile; fileRef = 196EC3F61C5D7E5C005BA0DE /* AppDelegate.swift */; };
		196EC3FC1C5D7E5C005BA0DE /* Main.storyboard in Resources */ = {isa = PBXBuildFile; fileRef = 196EC3FA1C5D7E5C005BA0DE /* Main.storyboard */; };
		196EC3FE1C5D7E5C005BA0DE /* Assets.xcassets in Resources */ = {isa = PBXBuildFile; fileRef = 196EC3FD1C5D7E5C005BA0DE /* Assets.xcassets */; };
		196EC4011C5D7E5C005BA0DE /* LaunchScreen.storyboard in Resources */ = {isa = PBXBuildFile; fileRef = 196EC3FF1C5D7E5C005BA0DE /* LaunchScreen.storyboard */; };
		196EC40B1C5D7EB6005BA0DE /* MovieViewController.swift in Sources */ = {isa = PBXBuildFile; fileRef = 196EC40A1C5D7EB6005BA0DE /* MovieViewController.swift */; };
		196EC40D1C5D835E005BA0DE /* MovieCollectionCell.swift in Sources */ = {isa = PBXBuildFile; fileRef = 196EC40C1C5D835E005BA0DE /* MovieCollectionCell.swift */; };
		196EC40F1C5DCC41005BA0DE /* DetailsViewController.swift in Sources */ = {isa = PBXBuildFile; fileRef = 196EC40E1C5DCC41005BA0DE /* DetailsViewController.swift */; };
		748651B97778DE7448A69871 /* Pods_FlickCollection.framework in Frameworks */ = {isa = PBXBuildFile; fileRef = 52FBD731CE2E6EC1EC13ABBB /* Pods_FlickCollection.framework */; };
/* End PBXBuildFile section */

/* Begin PBXFileReference section */
		196EC3F31C5D7E5C005BA0DE /* FlickCollection.app */ = {isa = PBXFileReference; explicitFileType = wrapper.application; includeInIndex = 0; path = FlickCollection.app; sourceTree = BUILT_PRODUCTS_DIR; };
		196EC3F61C5D7E5C005BA0DE /* AppDelegate.swift */ = {isa = PBXFileReference; lastKnownFileType = sourcecode.swift; path = AppDelegate.swift; sourceTree = "<group>"; };
		196EC3FB1C5D7E5C005BA0DE /* Base */ = {isa = PBXFileReference; lastKnownFileType = file.storyboard; name = Base; path = Base.lproj/Main.storyboard; sourceTree = "<group>"; };
		196EC3FD1C5D7E5C005BA0DE /* Assets.xcassets */ = {isa = PBXFileReference; lastKnownFileType = folder.assetcatalog; path = Assets.xcassets; sourceTree = "<group>"; };
		196EC4001C5D7E5C005BA0DE /* Base */ = {isa = PBXFileReference; lastKnownFileType = file.storyboard; name = Base; path = Base.lproj/LaunchScreen.storyboard; sourceTree = "<group>"; };
		196EC4021C5D7E5C005BA0DE /* Info.plist */ = {isa = PBXFileReference; lastKnownFileType = text.plist.xml; path = Info.plist; sourceTree = "<group>"; };
		196EC40A1C5D7EB6005BA0DE /* MovieViewController.swift */ = {isa = PBXFileReference; fileEncoding = 4; lastKnownFileType = sourcecode.swift; path = MovieViewController.swift; sourceTree = "<group>"; };
		196EC40C1C5D835E005BA0DE /* MovieCollectionCell.swift */ = {isa = PBXFileReference; fileEncoding = 4; lastKnownFileType = sourcecode.swift; path = MovieCollectionCell.swift; sourceTree = "<group>"; };
		196EC40E1C5DCC41005BA0DE /* DetailsViewController.swift */ = {isa = PBXFileReference; fileEncoding = 4; lastKnownFileType = sourcecode.swift; path = DetailsViewController.swift; sourceTree = "<group>"; };
		52FBD731CE2E6EC1EC13ABBB /* Pods_FlickCollection.framework */ = {isa = PBXFileReference; explicitFileType = wrapper.framework; includeInIndex = 0; path = Pods_FlickCollection.framework; sourceTree = BUILT_PRODUCTS_DIR; };
		66C9C8BEF7667D33DF6E4DB5 /* Pods-FlickCollection.debug.xcconfig */ = {isa = PBXFileReference; includeInIndex = 1; lastKnownFileType = text.xcconfig; name = "Pods-FlickCollection.debug.xcconfig"; path = "Pods/Target Support Files/Pods-FlickCollection/Pods-FlickCollection.debug.xcconfig"; sourceTree = "<group>"; };
		D8714C1BD7B82C91FF88A684 /* Pods-FlickCollection.release.xcconfig */ = {isa = PBXFileReference; includeInIndex = 1; lastKnownFileType = text.xcconfig; name = "Pods-FlickCollection.release.xcconfig"; path = "Pods/Target Support Files/Pods-FlickCollection/Pods-FlickCollection.release.xcconfig"; sourceTree = "<group>"; };
/* End PBXFileReference section */

/* Begin PBXFrameworksBuildPhase section */
		196EC3F01C5D7E5C005BA0DE /* Frameworks */ = {
			isa = PBXFrameworksBuildPhase;
			buildActionMask = 2147483647;
			files = (
				748651B97778DE7448A69871 /* Pods_FlickCollection.framework in Frameworks */,
			);
			runOnlyForDeploymentPostprocessing = 0;
		};
/* End PBXFrameworksBuildPhase section */

/* Begin PBXGroup section */
		196EC3EA1C5D7E5C005BA0DE = {
			isa = PBXGroup;
			children = (
				196EC3F51C5D7E5C005BA0DE /* FlickCollection */,
				196EC3F41C5D7E5C005BA0DE /* Products */,
				2F080B089193E7A063A826B3 /* Pods */,
				308E383C332D87D7D34F2192 /* Frameworks */,
			);
			sourceTree = "<group>";
		};
		196EC3F41C5D7E5C005BA0DE /* Products */ = {
			isa = PBXGroup;
			children = (
				196EC3F31C5D7E5C005BA0DE /* FlickCollection.app */,
			);
			name = Products;
			sourceTree = "<group>";
		};
		196EC3F51C5D7E5C005BA0DE /* FlickCollection */ = {
			isa = PBXGroup;
			children = (
				196EC4081C5D7E6E005BA0DE /* Controllers */,
				196EC4091C5D7E76005BA0DE /* Views */,
				196EC3FA1C5D7E5C005BA0DE /* Main.storyboard */,
				196EC3F61C5D7E5C005BA0DE /* AppDelegate.swift */,
				196EC3FD1C5D7E5C005BA0DE /* Assets.xcassets */,
				196EC3FF1C5D7E5C005BA0DE /* LaunchScreen.storyboard */,
				196EC4021C5D7E5C005BA0DE /* Info.plist */,
			);
			path = FlickCollection;
			sourceTree = "<group>";
		};
		196EC4081C5D7E6E005BA0DE /* Controllers */ = {
			isa = PBXGroup;
			children = (
				196EC40A1C5D7EB6005BA0DE /* MovieViewController.swift */,
				196EC40E1C5DCC41005BA0DE /* DetailsViewController.swift */,
			);
			name = Controllers;
			sourceTree = "<group>";
		};
		196EC4091C5D7E76005BA0DE /* Views */ = {
			isa = PBXGroup;
			children = (
				196EC40C1C5D835E005BA0DE /* MovieCollectionCell.swift */,
			);
			name = Views;
			sourceTree = "<group>";
		};
		2F080B089193E7A063A826B3 /* Pods */ = {
			isa = PBXGroup;
			children = (
				66C9C8BEF7667D33DF6E4DB5 /* Pods-FlickCollection.debug.xcconfig */,
				D8714C1BD7B82C91FF88A684 /* Pods-FlickCollection.release.xcconfig */,
			);
			name = Pods;
			sourceTree = "<group>";
		};
		308E383C332D87D7D34F2192 /* Frameworks */ = {
			isa = PBXGroup;
			children = (
				52FBD731CE2E6EC1EC13ABBB /* Pods_FlickCollection.framework */,
			);
			name = Frameworks;
			sourceTree = "<group>";
		};
/* End PBXGroup section */

/* Begin PBXNativeTarget section */
		196EC3F21C5D7E5C005BA0DE /* FlickCollection */ = {
			isa = PBXNativeTarget;
			buildConfigurationList = 196EC4051C5D7E5C005BA0DE /* Build configuration list for PBXNativeTarget "FlickCollection" */;
			buildPhases = (
				F5E2F7D2068358E93372F323 /* Check Pods Manifest.lock */,
				196EC3EF1C5D7E5C005BA0DE /* Sources */,
				196EC3F01C5D7E5C005BA0DE /* Frameworks */,
				196EC3F11C5D7E5C005BA0DE /* Resources */,
				F51C8EA62D140998DAEF441A /* Embed Pods Frameworks */,
				D313ED447D18CE684F2BB8C4 /* Copy Pods Resources */,
			);
			buildRules = (
			);
			dependencies = (
			);
			name = FlickCollection;
			productName = FlickCollection;
			productReference = 196EC3F31C5D7E5C005BA0DE /* FlickCollection.app */;
			productType = "com.apple.product-type.application";
		};
/* End PBXNativeTarget section */

/* Begin PBXProject section */
		196EC3EB1C5D7E5C005BA0DE /* Project object */ = {
			isa = PBXProject;
			attributes = {
				LastSwiftUpdateCheck = 0720;
				LastUpgradeCheck = 0720;
				ORGANIZATIONNAME = "Jamel Peralta Coss";
				TargetAttributes = {
					196EC3F21C5D7E5C005BA0DE = {
						CreatedOnToolsVersion = 7.2;
						DevelopmentTeam = B2BLV778EK;
					};
				};
			};
			buildConfigurationList = 196EC3EE1C5D7E5C005BA0DE /* Build configuration list for PBXProject "FlickCollection" */;
			compatibilityVersion = "Xcode 3.2";
			developmentRegion = English;
			hasScannedForEncodings = 0;
			knownRegions = (
				en,
				Base,
			);
			mainGroup = 196EC3EA1C5D7E5C005BA0DE;
			productRefGroup = 196EC3F41C5D7E5C005BA0DE /* Products */;
			projectDirPath = "";
			projectRoot = "";
			targets = (
				196EC3F21C5D7E5C005BA0DE /* FlickCollection */,
			);
		};
/* End PBXProject section */

/* Begin PBXResourcesBuildPhase section */
		196EC3F11C5D7E5C005BA0DE /* Resources */ = {
			isa = PBXResourcesBuildPhase;
			buildActionMask = 2147483647;
			files = (
				196EC4011C5D7E5C005BA0DE /* LaunchScreen.storyboard in Resources */,
				196EC3FE1C5D7E5C005BA0DE /* Assets.xcassets in Resources */,
				196EC3FC1C5D7E5C005BA0DE /* Main.storyboard in Resources */,
			);
			runOnlyForDeploymentPostprocessing = 0;
		};
/* End PBXResourcesBuildPhase section */

/* Begin PBXShellScriptBuildPhase section */
		D313ED447D18CE684F2BB8C4 /* Copy Pods Resources */ = {
			isa = PBXShellScriptBuildPhase;
			buildActionMask = 2147483647;
			files = (
			);
			inputPaths = (
			);
			name = "Copy Pods Resources";
			outputPaths = (
			);
			runOnlyForDeploymentPostprocessing = 0;
			shellPath = /bin/sh;
			shellScript = "\"${SRCROOT}/Pods/Target Support Files/Pods-FlickCollection/Pods-FlickCollection-resources.sh\"\n";
			showEnvVarsInLog = 0;
		};
		F51C8EA62D140998DAEF441A /* Embed Pods Frameworks */ = {
			isa = PBXShellScriptBuildPhase;
			buildActionMask = 2147483647;
			files = (
			);
			inputPaths = (
			);
			name = "Embed Pods Frameworks";
			outputPaths = (
			);
			runOnlyForDeploymentPostprocessing = 0;
			shellPath = /bin/sh;
			shellScript = "\"${SRCROOT}/Pods/Target Support Files/Pods-FlickCollection/Pods-FlickCollection-frameworks.sh\"\n";
			showEnvVarsInLog = 0;
		};
		F5E2F7D2068358E93372F323 /* Check Pods Manifest.lock */ = {
			isa = PBXShellScriptBuildPhase;
			buildActionMask = 2147483647;
			files = (
			);
			inputPaths = (
			);
			name = "Check Pods Manifest.lock";
			outputPaths = (
			);
			runOnlyForDeploymentPostprocessing = 0;
			shellPath = /bin/sh;
			shellScript = "diff \"${PODS_ROOT}/../Podfile.lock\" \"${PODS_ROOT}/Manifest.lock\" > /dev/null\nif [[ $? != 0 ]] ; then\n    cat << EOM\nerror: The sandbox is not in sync with the Podfile.lock. Run 'pod install' or update your CocoaPods installation.\nEOM\n    exit 1\nfi\n";
			showEnvVarsInLog = 0;
		};
/* End PBXShellScriptBuildPhase section */

/* Begin PBXSourcesBuildPhase section */
		196EC3EF1C5D7E5C005BA0DE /* Sources */ = {
			isa = PBXSourcesBuildPhase;
			buildActionMask = 2147483647;
			files = (
				196EC40D1C5D835E005BA0DE /* MovieCollectionCell.swift in Sources */,
				196EC3F71C5D7E5C005BA0DE /* AppDelegate.swift in Sources */,
				196EC40B1C5D7EB6005BA0DE /* MovieViewController.swift in Sources */,
				196EC40F1C5DCC41005BA0DE /* DetailsViewController.swift in Sources */,
			);
			runOnlyForDeploymentPostprocessing = 0;
		};
/* End PBXSourcesBuildPhase section */

/* Begin PBXVariantGroup section */
		196EC3FA1C5D7E5C005BA0DE /* Main.storyboard */ = {
			isa = PBXVariantGroup;
			children = (
				196EC3FB1C5D7E5C005BA0DE /* Base */,
			);
			name = Main.storyboard;
			sourceTree = "<group>";
		};
		196EC3FF1C5D7E5C005BA0DE /* LaunchScreen.storyboard */ = {
			isa = PBXVariantGroup;
			children = (
				196EC4001C5D7E5C005BA0DE /* Base */,
			);
			name = LaunchScreen.storyboard;
			sourceTree = "<group>";
		};
/* End PBXVariantGroup section */

/* Begin XCBuildConfiguration section */
		196EC4031C5D7E5C005BA0DE /* Debug */ = {
			isa = XCBuildConfiguration;
			buildSettings = {
				ALWAYS_SEARCH_USER_PATHS = NO;
				CLANG_CXX_LANGUAGE_STANDARD = "gnu++0x";
				CLANG_CXX_LIBRARY = "libc++";
				CLANG_ENABLE_MODULES = YES;
				CLANG_ENABLE_OBJC_ARC = YES;
				CLANG_WARN_BOOL_CONVERSION = YES;
				CLANG_WARN_CONSTANT_CONVERSION = YES;
				CLANG_WARN_DIRECT_OBJC_ISA_USAGE = YES_ERROR;
				CLANG_WARN_EMPTY_BODY = YES;
				CLANG_WARN_ENUM_CONVERSION = YES;
				CLANG_WARN_INT_CONVERSION = YES;
				CLANG_WARN_OBJC_ROOT_CLASS = YES_ERROR;
				CLANG_WARN_UNREACHABLE_CODE = YES;
				CLANG_WARN__DUPLICATE_METHOD_MATCH = YES;
				"CODE_SIGN_IDENTITY[sdk=iphoneos*]" = "iPhone Developer";
				COPY_PHASE_STRIP = NO;
				DEBUG_INFORMATION_FORMAT = dwarf;
				ENABLE_STRICT_OBJC_MSGSEND = YES;
				ENABLE_TESTABILITY = YES;
				GCC_C_LANGUAGE_STANDARD = gnu99;
				GCC_DYNAMIC_NO_PIC = NO;
				GCC_NO_COMMON_BLOCKS = YES;
				GCC_OPTIMIZATION_LEVEL = 0;
				GCC_PREPROCESSOR_DEFINITIONS = (
					"DEBUG=1",
					"$(inherited)",
				);
				GCC_WARN_64_TO_32_BIT_CONVERSION = YES;
				GCC_WARN_ABOUT_RETURN_TYPE = YES_ERROR;
				GCC_WARN_UNDECLARED_SELECTOR = YES;
				GCC_WARN_UNINITIALIZED_AUTOS = YES_AGGRESSIVE;
				GCC_WARN_UNUSED_FUNCTION = YES;
				GCC_WARN_UNUSED_VARIABLE = YES;
				IPHONEOS_DEPLOYMENT_TARGET = 9.2;
				MTL_ENABLE_DEBUG_INFO = YES;
				ONLY_ACTIVE_ARCH = YES;
				SDKROOT = iphoneos;
				SWIFT_OPTIMIZATION_LEVEL = "-Onone";
				TARGETED_DEVICE_FAMILY = "1,2";
			};
			name = Debug;
		};
		196EC4041C5D7E5C005BA0DE /* Release */ = {
			isa = XCBuildConfiguration;
			buildSettings = {
				ALWAYS_SEARCH_USER_PATHS = NO;
				CLANG_CXX_LANGUAGE_STANDARD = "gnu++0x";
				CLANG_CXX_LIBRARY = "libc++";
				CLANG_ENABLE_MODULES = YES;
				CLANG_ENABLE_OBJC_ARC = YES;
				CLANG_WARN_BOOL_CONVERSION = YES;
				CLANG_WARN_CONSTANT_CONVERSION = YES;
				CLANG_WARN_DIRECT_OBJC_ISA_USAGE = YES_ERROR;
				CLANG_WARN_EMPTY_BODY = YES;
				CLANG_WARN_ENUM_CONVERSION = YES;
				CLANG_WARN_INT_CONVERSION = YES;
				CLANG_WARN_OBJC_ROOT_CLASS = YES_ERROR;
				CLANG_WARN_UNREACHABLE_CODE = YES;
				CLANG_WARN__DUPLICATE_METHOD_MATCH = YES;
				"CODE_SIGN_IDENTITY[sdk=iphoneos*]" = "iPhone Developer";
				COPY_PHASE_STRIP = NO;
				DEBUG_INFORMATION_FORMAT = "dwarf-with-dsym";
				ENABLE_NS_ASSERTIONS = NO;
				ENABLE_STRICT_OBJC_MSGSEND = YES;
				GCC_C_LANGUAGE_STANDARD = gnu99;
				GCC_NO_COMMON_BLOCKS = YES;
				GCC_WARN_64_TO_32_BIT_CONVERSION = YES;
				GCC_WARN_ABOUT_RETURN_TYPE = YES_ERROR;
				GCC_WARN_UNDECLARED_SELECTOR = YES;
				GCC_WARN_UNINITIALIZED_AUTOS = YES_AGGRESSIVE;
				GCC_WARN_UNUSED_FUNCTION = YES;
				GCC_WARN_UNUSED_VARIABLE = YES;
				IPHONEOS_DEPLOYMENT_TARGET = 9.2;
				MTL_ENABLE_DEBUG_INFO = NO;
				SDKROOT = iphoneos;
				TARGETED_DEVICE_FAMILY = "1,2";
				VALIDATE_PRODUCT = YES;
			};
			name = Release;
		};
		196EC4061C5D7E5C005BA0DE /* Debug */ = {
			isa = XCBuildConfiguration;
			baseConfigurationReference = 66C9C8BEF7667D33DF6E4DB5 /* Pods-FlickCollection.debug.xcconfig */;
			buildSettings = {
				ASSETCATALOG_COMPILER_APPICON_NAME = AppIcon;
				INFOPLIST_FILE = FlickCollection/Info.plist;
				LD_RUNPATH_SEARCH_PATHS = "$(inherited) @executable_path/Frameworks";
				PRODUCT_BUNDLE_IDENTIFIER = codepath.FlickCollection;
				PRODUCT_NAME = "$(TARGET_NAME)";
			};
			name = Debug;
		};
		196EC4071C5D7E5C005BA0DE /* Release */ = {
			isa = XCBuildConfiguration;
			baseConfigurationReference = D8714C1BD7B82C91FF88A684 /* Pods-FlickCollection.release.xcconfig */;
			buildSettings = {
				ASSETCATALOG_COMPILER_APPICON_NAME = AppIcon;
				INFOPLIST_FILE = FlickCollection/Info.plist;
				LD_RUNPATH_SEARCH_PATHS = "$(inherited) @executable_path/Frameworks";
				PRODUCT_BUNDLE_IDENTIFIER = codepath.FlickCollection;
				PRODUCT_NAME = "$(TARGET_NAME)";
			};
			name = Release;
		};
/* End XCBuildConfiguration section */

/* Begin XCConfigurationList section */
		196EC3EE1C5D7E5C005BA0DE /* Build configuration list for PBXProject "FlickCollection" */ = {
			isa = XCConfigurationList;
			buildConfigurations = (
				196EC4031C5D7E5C005BA0DE /* Debug */,
				196EC4041C5D7E5C005BA0DE /* Release */,
			);
			defaultConfigurationIsVisible = 0;
			defaultConfigurationName = Release;
		};
		196EC4051C5D7E5C005BA0DE /* Build configuration list for PBXNativeTarget "FlickCollection" */ = {
			isa = XCConfigurationList;
			buildConfigurations = (
				196EC4061C5D7E5C005BA0DE /* Debug */,
				196EC4071C5D7E5C005BA0DE /* Release */,
			);
			defaultConfigurationIsVisible = 0;
			defaultConfigurationName = Release;
		};
/* End XCConfigurationList section */
	};
	rootObject = 196EC3EB1C5D7E5C005BA0DE /* Project object */;
}
